
Microsoft Visual Studio Solution File, Format Version 12.00
# Visual Studio 15
VisualStudioVersion = 15.0.27428.2037
MinimumVisualStudioVersion = 10.0.40219.1
Project("{8BC9CEB8-8B4A-11D0-8D11-00A0C91BC942}") = "webrtc_fec", "webrtc_fec\webrtc_fec.vcxproj", "{D2D41F22-A891-4CD9-BF49-601B3AE88471}"
EndProject
Project("{8BC9CEB8-8B4A-11D0-8D11-00A0C91BC942}") = "test-flexfec-encoder", "test-flexfec-encoder\test-flexfec-encoder.vcxproj", "{9364BD79-9660-4DA5-AE42-2FE3372AC5FB}"
EndProject
Project("{8BC9CEB8-8B4A-11D0-8D11-00A0C91BC942}") = "test-flexfec-decoder", "test-flexfec-decoder\test-flexfec-decoder.vcxproj", "{10D71E6B-CF11-4457-8585-5936C4ADD2DF}"
	ProjectSection(ProjectDependencies) = postProject
		{D2D41F22-A891-4CD9-BF49-601B3AE88471} = {D2D41F22-A891-4CD9-BF49-601B3AE88471}
	EndProjectSection
EndProject
Project("{8BC9CEB8-8B4A-11D0-8D11-00A0C91BC942}") = "rtc_base", "rtc_base\rtc_base.vcxproj", "{F54CD589-9760-49FA-BB82-867E6BB0F500}"
EndProject
Global
	GlobalSection(SolutionConfigurationPlatforms) = preSolution
		Debug|x64 = Debug|x64
		Debug|x86 = Debug|x86
		Release|x64 = Release|x64
		Release|x86 = Release|x86
	EndGlobalSection
	GlobalSection(ProjectConfigurationPlatforms) = postSolution
		{D2D41F22-A891-4CD9-BF49-601B3AE88471}.Debug|x64.ActiveCfg = Debug|x64
		{D2D41F22-A891-4CD9-BF49-601B3AE88471}.Debug|x64.Build.0 = Debug|x64
		{D2D41F22-A891-4CD9-BF49-601B3AE88471}.Debug|x86.ActiveCfg = Debug|Win32
		{D2D41F22-A891-4CD9-BF49-601B3AE88471}.Debug|x86.Build.0 = Debug|Win32
		{D2D41F22-A891-4CD9-BF49-601B3AE88471}.Release|x64.ActiveCfg = Release|x64
		{D2D41F22-A891-4CD9-BF49-601B3AE88471}.Release|x64.Build.0 = Release|x64
		{D2D41F22-A891-4CD9-BF49-601B3AE88471}.Release|x86.ActiveCfg = Release|Win32
		{D2D41F22-A891-4CD9-BF49-601B3AE88471}.Release|x86.Build.0 = Release|Win32
		{9364BD79-9660-4DA5-AE42-2FE3372AC5FB}.Debug|x64.ActiveCfg = Debug|x64
		{9364BD79-9660-4DA5-AE42-2FE3372AC5FB}.Debug|x64.Build.0 = Debug|x64
		{9364BD79-9660-4DA5-AE42-2FE3372AC5FB}.Debug|x86.ActiveCfg = Debug|Win32
		{9364BD79-9660-4DA5-AE42-2FE3372AC5FB}.Debug|x86.Build.0 = Debug|Win32
		{9364BD79-9660-4DA5-AE42-2FE3372AC5FB}.Release|x64.ActiveCfg = Release|x64
		{9364BD79-9660-4DA5-AE42-2FE3372AC5FB}.Release|x64.Build.0 = Release|x64
		{9364BD79-9660-4DA5-AE42-2FE3372AC5FB}.Release|x86.ActiveCfg = Release|Win32
		{9364BD79-9660-4DA5-AE42-2FE3372AC5FB}.Release|x86.Build.0 = Release|Win32
		{10D71E6B-CF11-4457-8585-5936C4ADD2DF}.Debug|x64.ActiveCfg = Debug|x64
		{10D71E6B-CF11-4457-8585-5936C4ADD2DF}.Debug|x64.Build.0 = Debug|x64
		{10D71E6B-CF11-4457-8585-5936C4ADD2DF}.Debug|x86.ActiveCfg = Debug|Win32
		{10D71E6B-CF11-4457-8585-5936C4ADD2DF}.Debug|x86.Build.0 = Debug|Win32
		{10D71E6B-CF11-4457-8585-5936C4ADD2DF}.Release|x64.ActiveCfg = Release|x64
		{10D71E6B-CF11-4457-8585-5936C4ADD2DF}.Release|x64.Build.0 = Release|x64
		{10D71E6B-CF11-4457-8585-5936C4ADD2DF}.Release|x86.ActiveCfg = Release|Win32
		{10D71E6B-CF11-4457-8585-5936C4ADD2DF}.Release|x86.Build.0 = Release|Win32
		{F54CD589-9760-49FA-BB82-867E6BB0F500}.Debug|x64.ActiveCfg = Debug|x64
		{F54CD589-9760-49FA-BB82-867E6BB0F500}.Debug|x64.Build.0 = Debug|x64
		{F54CD589-9760-49FA-BB82-867E6BB0F500}.Debug|x86.ActiveCfg = Debug|Win32
		{F54CD589-9760-49FA-BB82-867E6BB0F500}.Debug|x86.Build.0 = Debug|Win32
		{F54CD589-9760-49FA-BB82-867E6BB0F500}.Release|x64.ActiveCfg = Release|x64
		{F54CD589-9760-49FA-BB82-867E6BB0F500}.Release|x64.Build.0 = Release|x64
		{F54CD589-9760-49FA-BB82-867E6BB0F500}.Release|x86.ActiveCfg = Release|Win32
		{F54CD589-9760-49FA-BB82-867E6BB0F500}.Release|x86.Build.0 = Release|Win32
	EndGlobalSection
	GlobalSection(SolutionProperties) = preSolution
		HideSolutionNode = FALSE
	EndGlobalSection
	GlobalSection(ExtensibilityGlobals) = postSolution
		SolutionGuid = {A28F0732-C058-4E25-AB78-3EDC84F431CF}
	EndGlobalSection
EndGlobal
